
Microsoft Visual Studio Solution File, Format Version 12.00
# Visual Studio Version 17
VisualStudioVersion = 17.3.32825.248
MinimumVisualStudioVersion = 10.0.40219.1
Project("{9A19103F-16F7-4668-BE54-9A1E7A4F7556}") = "Aspnet_server", "Aspnet_server.csproj", "{54C34301-D9E2-444A-9678-29E880BE0029}"
EndProject
Project("{9A19103F-16F7-4668-BE54-9A1E7A4F7556}") = "BuyingLibrary", "..\BuyingLibrary\BuyingLibrary.csproj", "{75401BDB-3D3A-482B-85E4-A765E5358C11}"
EndProject
Project("{54A90642-561A-4BB1-A94E-469ADEE60C69}") = "Staff_buying_client", "..\Buying_Client\Staff_buying_client.esproj", "{B72A94C2-B26A-4DB4-BBB4-6B2C18877526}"
EndProject
Global
	GlobalSection(SolutionConfigurationPlatforms) = preSolution
		Debug|Any CPU = Debug|Any CPU
		Release|Any CPU = Release|Any CPU
	EndGlobalSection
	GlobalSection(ProjectConfigurationPlatforms) = postSolution
		{54C34301-D9E2-444A-9678-29E880BE0029}.Debug|Any CPU.ActiveCfg = Debug|Any CPU
		{54C34301-D9E2-444A-9678-29E880BE0029}.Debug|Any CPU.Build.0 = Debug|Any CPU
		{54C34301-D9E2-444A-9678-29E880BE0029}.Release|Any CPU.ActiveCfg = Release|Any CPU
		{54C34301-D9E2-444A-9678-29E880BE0029}.Release|Any CPU.Build.0 = Release|Any CPU
		{75401BDB-3D3A-482B-85E4-A765E5358C11}.Debug|Any CPU.ActiveCfg = Debug|Any CPU
		{75401BDB-3D3A-482B-85E4-A765E5358C11}.Debug|Any CPU.Build.0 = Debug|Any CPU
		{75401BDB-3D3A-482B-85E4-A765E5358C11}.Release|Any CPU.ActiveCfg = Release|Any CPU
		{75401BDB-3D3A-482B-85E4-A765E5358C11}.Release|Any CPU.Build.0 = Release|Any CPU
		{B72A94C2-B26A-4DB4-BBB4-6B2C18877526}.Debug|Any CPU.ActiveCfg = Debug|Any CPU
		{B72A94C2-B26A-4DB4-BBB4-6B2C18877526}.Debug|Any CPU.Build.0 = Debug|Any CPU
		{B72A94C2-B26A-4DB4-BBB4-6B2C18877526}.Debug|Any CPU.Deploy.0 = Debug|Any CPU
		{B72A94C2-B26A-4DB4-BBB4-6B2C18877526}.Release|Any CPU.ActiveCfg = Release|Any CPU
		{B72A94C2-B26A-4DB4-BBB4-6B2C18877526}.Release|Any CPU.Build.0 = Release|Any CPU
		{B72A94C2-B26A-4DB4-BBB4-6B2C18877526}.Release|Any CPU.Deploy.0 = Release|Any CPU
	EndGlobalSection
	GlobalSection(SolutionProperties) = preSolution
		HideSolutionNode = FALSE
	EndGlobalSection
	GlobalSection(ExtensibilityGlobals) = postSolution
		SolutionGuid = {EF37D65A-D632-4EDE-867D-F0678BAC26C2}
	EndGlobalSection
EndGlobal
